// !$*UTF8*$!
{
	archiveVersion = 1;
	classes = {
	};
	objectVersion = 56;
	objects = {

/* Begin PBXBuildFile section */
		FC9C42C42BCD6EA900B483C2 /* Simulator Screenshot 2.png in Resources */ = {isa = PBXBuildFile; fileRef = FC9C42C22BCD6EA900B483C2 /* Simulator Screenshot 2.png */; };
		FC9C42C52BCD6EA900B483C2 /* Simulator Screenshot 1.png in Resources */ = {isa = PBXBuildFile; fileRef = FC9C42C32BCD6EA900B483C2 /* Simulator Screenshot 1.png */; };
		FCA5DBE82BC7F3CE008C5738 /* filmByName_swiftuiApp.swift in Sources */ = {isa = PBXBuildFile; fileRef = FCA5DBE72BC7F3CE008C5738 /* filmByName_swiftuiApp.swift */; };
		FCA5DBEA2BC7F3CE008C5738 /* ContentView.swift in Sources */ = {isa = PBXBuildFile; fileRef = FCA5DBE92BC7F3CE008C5738 /* ContentView.swift */; };
		FCA5DBEC2BC7F3D0008C5738 /* Assets.xcassets in Resources */ = {isa = PBXBuildFile; fileRef = FCA5DBEB2BC7F3D0008C5738 /* Assets.xcassets */; };
		FCA5DBEF2BC7F3D0008C5738 /* Preview Assets.xcassets in Resources */ = {isa = PBXBuildFile; fileRef = FCA5DBEE2BC7F3D0008C5738 /* Preview Assets.xcassets */; };
		FCA5DBF62BC87686008C5738 /* NetworkManager.swift in Sources */ = {isa = PBXBuildFile; fileRef = FCA5DBF52BC87686008C5738 /* NetworkManager.swift */; };
		FCA5DBF82BC876CC008C5738 /* FilmData.swift in Sources */ = {isa = PBXBuildFile; fileRef = FCA5DBF72BC876CC008C5738 /* FilmData.swift */; };
		FCA5DBFA2BC8807C008C5738 /* DetailView.swift in Sources */ = {isa = PBXBuildFile; fileRef = FCA5DBF92BC8807C008C5738 /* DetailView.swift */; };
/* End PBXBuildFile section */

/* Begin PBXFileReference section */
		FC9C42C22BCD6EA900B483C2 /* Simulator Screenshot 2.png */ = {isa = PBXFileReference; lastKnownFileType = image.png; path = "Simulator Screenshot 2.png"; sourceTree = "<group>"; };
		FC9C42C32BCD6EA900B483C2 /* Simulator Screenshot 1.png */ = {isa = PBXFileReference; lastKnownFileType = image.png; path = "Simulator Screenshot 1.png"; sourceTree = "<group>"; };
		FCA5DBE42BC7F3CE008C5738 /* filmByName-swiftui.app */ = {isa = PBXFileReference; explicitFileType = wrapper.application; includeInIndex = 0; path = "filmByName-swiftui.app"; sourceTree = BUILT_PRODUCTS_DIR; };
		FCA5DBE72BC7F3CE008C5738 /* filmByName_swiftuiApp.swift */ = {isa = PBXFileReference; lastKnownFileType = sourcecode.swift; path = filmByName_swiftuiApp.swift; sourceTree = "<group>"; };
		FCA5DBE92BC7F3CE008C5738 /* ContentView.swift */ = {isa = PBXFileReference; lastKnownFileType = sourcecode.swift; path = ContentView.swift; sourceTree = "<group>"; };
		FCA5DBEB2BC7F3D0008C5738 /* Assets.xcassets */ = {isa = PBXFileReference; lastKnownFileType = folder.assetcatalog; path = Assets.xcassets; sourceTree = "<group>"; };
		FCA5DBEE2BC7F3D0008C5738 /* Preview Assets.xcassets */ = {isa = PBXFileReference; lastKnownFileType = folder.assetcatalog; path = "Preview Assets.xcassets"; sourceTree = "<group>"; };
		FCA5DBF52BC87686008C5738 /* NetworkManager.swift */ = {isa = PBXFileReference; lastKnownFileType = sourcecode.swift; path = NetworkManager.swift; sourceTree = "<group>"; };
		FCA5DBF72BC876CC008C5738 /* FilmData.swift */ = {isa = PBXFileReference; lastKnownFileType = sourcecode.swift; path = FilmData.swift; sourceTree = "<group>"; };
		FCA5DBF92BC8807C008C5738 /* DetailView.swift */ = {isa = PBXFileReference; lastKnownFileType = sourcecode.swift; path = DetailView.swift; sourceTree = "<group>"; };
/* End PBXFileReference section */

/* Begin PBXFrameworksBuildPhase section */
		FCA5DBE12BC7F3CE008C5738 /* Frameworks */ = {
			isa = PBXFrameworksBuildPhase;
			buildActionMask = 2147483647;
			files = (
			);
			runOnlyForDeploymentPostprocessing = 0;
		};
/* End PBXFrameworksBuildPhase section */

/* Begin PBXGroup section */
		FC9C42BE2BCD678900B483C2 /* View */ = {
			isa = PBXGroup;
			children = (
				FCA5DBF92BC8807C008C5738 /* DetailView.swift */,
				FCA5DBE92BC7F3CE008C5738 /* ContentView.swift */,
			);
			path = View;
			sourceTree = "<group>";
		};
		FC9C42BF2BCD679600B483C2 /* Model */ = {
			isa = PBXGroup;
			children = (
				FCA5DBF72BC876CC008C5738 /* FilmData.swift */,
			);
			path = Model;
			sourceTree = "<group>";
		};
		FC9C42C12BCD6E8400B483C2 /* Screenshots */ = {
			isa = PBXGroup;
			children = (
				FC9C42C32BCD6EA900B483C2 /* Simulator Screenshot 1.png */,
				FC9C42C22BCD6EA900B483C2 /* Simulator Screenshot 2.png */,
			);
			path = Screenshots;
			sourceTree = "<group>";
		};
		FCA5DBDB2BC7F3CE008C5738 = {
			isa = PBXGroup;
			children = (
				FCA5DBE62BC7F3CE008C5738 /* filmByName-swiftui */,
				FCA5DBE52BC7F3CE008C5738 /* Products */,
			);
			sourceTree = "<group>";
		};
		FCA5DBE52BC7F3CE008C5738 /* Products */ = {
			isa = PBXGroup;
			children = (
				FCA5DBE42BC7F3CE008C5738 /* filmByName-swiftui.app */,
			);
			name = Products;
			sourceTree = "<group>";
		};
		FCA5DBE62BC7F3CE008C5738 /* filmByName-swiftui */ = {
			isa = PBXGroup;
			children = (
				FCA5DBE72BC7F3CE008C5738 /* filmByName_swiftuiApp.swift */,
				FCA5DBF52BC87686008C5738 /* NetworkManager.swift */,
				FC9C42BE2BCD678900B483C2 /* View */,
				FCA5DBEB2BC7F3D0008C5738 /* Assets.xcassets */,
				FCA5DBED2BC7F3D0008C5738 /* Preview Content */,
				FC9C42BF2BCD679600B483C2 /* Model */,
				FC9C42C12BCD6E8400B483C2 /* Screenshots */,
			);
			path = "filmByName-swiftui";
			sourceTree = "<group>";
		};
		FCA5DBED2BC7F3D0008C5738 /* Preview Content */ = {
			isa = PBXGroup;
			children = (
				FCA5DBEE2BC7F3D0008C5738 /* Preview Assets.xcassets */,
			);
			path = "Preview Content";
			sourceTree = "<group>";
		};
/* End PBXGroup section */

/* Begin PBXNativeTarget section */
		FCA5DBE32BC7F3CE008C5738 /* filmByName-swiftui */ = {
			isa = PBXNativeTarget;
			buildConfigurationList = FCA5DBF22BC7F3D0008C5738 /* Build configuration list for PBXNativeTarget "filmByName-swiftui" */;
			buildPhases = (
				FCA5DBE02BC7F3CE008C5738 /* Sources */,
				FCA5DBE12BC7F3CE008C5738 /* Frameworks */,
				FCA5DBE22BC7F3CE008C5738 /* Resources */,
			);
			buildRules = (
			);
			dependencies = (
			);
			name = "filmByName-swiftui";
			productName = "kinopoisk-swiftui";
			productReference = FCA5DBE42BC7F3CE008C5738 /* filmByName-swiftui.app */;
			productType = "com.apple.product-type.application";
		};
/* End PBXNativeTarget section */

/* Begin PBXProject section */
		FCA5DBDC2BC7F3CE008C5738 /* Project object */ = {
			isa = PBXProject;
			attributes = {
				BuildIndependentTargetsInParallel = 1;
				LastSwiftUpdateCheck = 1510;
				LastUpgradeCheck = 1510;
				TargetAttributes = {
					FCA5DBE32BC7F3CE008C5738 = {
						CreatedOnToolsVersion = 15.1;
					};
				};
			};
			buildConfigurationList = FCA5DBDF2BC7F3CE008C5738 /* Build configuration list for PBXProject "filmByName-swiftui" */;
			compatibilityVersion = "Xcode 14.0";
			developmentRegion = en;
			hasScannedForEncodings = 0;
			knownRegions = (
				en,
				Base,
			);
			mainGroup = FCA5DBDB2BC7F3CE008C5738;
			productRefGroup = FCA5DBE52BC7F3CE008C5738 /* Products */;
			projectDirPath = "";
			projectRoot = "";
			targets = (
				FCA5DBE32BC7F3CE008C5738 /* filmByName-swiftui */,
			);
		};
/* End PBXProject section */

/* Begin PBXResourcesBuildPhase section */
		FCA5DBE22BC7F3CE008C5738 /* Resources */ = {
			isa = PBXResourcesBuildPhase;
			buildActionMask = 2147483647;
			files = (
				FC9C42C52BCD6EA900B483C2 /* Simulator Screenshot 1.png in Resources */,
				FCA5DBEF2BC7F3D0008C5738 /* Preview Assets.xcassets in Resources */,
				FCA5DBEC2BC7F3D0008C5738 /* Assets.xcassets in Resources */,
				FC9C42C42BCD6EA900B483C2 /* Simulator Screenshot 2.png in Resources */,
			);
			runOnlyForDeploymentPostprocessing = 0;
		};
/* End PBXResourcesBuildPhase section */

/* Begin PBXSourcesBuildPhase section */
		FCA5DBE02BC7F3CE008C5738 /* Sources */ = {
			isa = PBXSourcesBuildPhase;
			buildActionMask = 2147483647;
			files = (
				FCA5DBF62BC87686008C5738 /* NetworkManager.swift in Sources */,
				FCA5DBEA2BC7F3CE008C5738 /* ContentView.swift in Sources */,
				FCA5DBE82BC7F3CE008C5738 /* filmByName_swiftuiApp.swift in Sources */,
				FCA5DBFA2BC8807C008C5738 /* DetailView.swift in Sources */,
				FCA5DBF82BC876CC008C5738 /* FilmData.swift in Sources */,
			);
			runOnlyForDeploymentPostprocessing = 0;
		};
/* End PBXSourcesBuildPhase section */

/* Begin XCBuildConfiguration section */
		FCA5DBF02BC7F3D0008C5738 /* Debug */ = {
			isa = XCBuildConfiguration;
			buildSettings = {
				ALWAYS_SEARCH_USER_PATHS = NO;
				ASSETCATALOG_COMPILER_GENERATE_SWIFT_ASSET_SYMBOL_EXTENSIONS = YES;
				CLANG_ANALYZER_NONNULL = YES;
				CLANG_ANALYZER_NUMBER_OBJECT_CONVERSION = YES_AGGRESSIVE;
				CLANG_CXX_LANGUAGE_STANDARD = "gnu++20";
				CLANG_ENABLE_MODULES = YES;
				CLANG_ENABLE_OBJC_ARC = YES;
				CLANG_ENABLE_OBJC_WEAK = YES;
				CLANG_WARN_BLOCK_CAPTURE_AUTORELEASING = YES;
				CLANG_WARN_BOOL_CONVERSION = YES;
				CLANG_WARN_COMMA = YES;
				CLANG_WARN_CONSTANT_CONVERSION = YES;
				CLANG_WARN_DEPRECATED_OBJC_IMPLEMENTATIONS = YES;
				CLANG_WARN_DIRECT_OBJC_ISA_USAGE = YES_ERROR;
				CLANG_WARN_DOCUMENTATION_COMMENTS = YES;
				CLANG_WARN_EMPTY_BODY = YES;
				CLANG_WARN_ENUM_CONVERSION = YES;
				CLANG_WARN_INFINITE_RECURSION = YES;
				CLANG_WARN_INT_CONVERSION = YES;
				CLANG_WARN_NON_LITERAL_NULL_CONVERSION = YES;
				CLANG_WARN_OBJC_IMPLICIT_RETAIN_SELF = YES;
				CLANG_WARN_OBJC_LITERAL_CONVERSION = YES;
				CLANG_WARN_OBJC_ROOT_CLASS = YES_ERROR;
				CLANG_WARN_QUOTED_INCLUDE_IN_FRAMEWORK_HEADER = YES;
				CLANG_WARN_RANGE_LOOP_ANALYSIS = YES;
				CLANG_WARN_STRICT_PROTOTYPES = YES;
				CLANG_WARN_SUSPICIOUS_MOVE = YES;
				CLANG_WARN_UNGUARDED_AVAILABILITY = YES_AGGRESSIVE;
				CLANG_WARN_UNREACHABLE_CODE = YES;
				CLANG_WARN__DUPLICATE_METHOD_MATCH = YES;
				COPY_PHASE_STRIP = NO;
				DEBUG_INFORMATION_FORMAT = dwarf;
				ENABLE_STRICT_OBJC_MSGSEND = YES;
				ENABLE_TESTABILITY = YES;
				ENABLE_USER_SCRIPT_SANDBOXING = YES;
				GCC_C_LANGUAGE_STANDARD = gnu17;
				GCC_DYNAMIC_NO_PIC = NO;
				GCC_NO_COMMON_BLOCKS = YES;
				GCC_OPTIMIZATION_LEVEL = 0;
				GCC_PREPROCESSOR_DEFINITIONS = (
					"DEBUG=1",
					"$(inherited)",
				);
				GCC_WARN_64_TO_32_BIT_CONVERSION = YES;
				GCC_WARN_ABOUT_RETURN_TYPE = YES_ERROR;
				GCC_WARN_UNDECLARED_SELECTOR = YES;
				GCC_WARN_UNINITIALIZED_AUTOS = YES_AGGRESSIVE;
				GCC_WARN_UNUSED_FUNCTION = YES;
				GCC_WARN_UNUSED_VARIABLE = YES;
				IPHONEOS_DEPLOYMENT_TARGET = 17.2;
				LOCALIZATION_PREFERS_STRING_CATALOGS = YES;
				MTL_ENABLE_DEBUG_INFO = INCLUDE_SOURCE;
				MTL_FAST_MATH = YES;
				ONLY_ACTIVE_ARCH = YES;
				SDKROOT = iphoneos;
				SWIFT_ACTIVE_COMPILATION_CONDITIONS = "DEBUG $(inherited)";
				SWIFT_OPTIMIZATION_LEVEL = "-Onone";
			};
			name = Debug;
		};
		FCA5DBF12BC7F3D0008C5738 /* Release */ = {
			isa = XCBuildConfiguration;
			buildSettings = {
				ALWAYS_SEARCH_USER_PATHS = NO;
				ASSETCATALOG_COMPILER_GENERATE_SWIFT_ASSET_SYMBOL_EXTENSIONS = YES;
				CLANG_ANALYZER_NONNULL = YES;
				CLANG_ANALYZER_NUMBER_OBJECT_CONVERSION = YES_AGGRESSIVE;
				CLANG_CXX_LANGUAGE_STANDARD = "gnu++20";
				CLANG_ENABLE_MODULES = YES;
				CLANG_ENABLE_OBJC_ARC = YES;
				CLANG_ENABLE_OBJC_WEAK = YES;
				CLANG_WARN_BLOCK_CAPTURE_AUTORELEASING = YES;
				CLANG_WARN_BOOL_CONVERSION = YES;
				CLANG_WARN_COMMA = YES;
				CLANG_WARN_CONSTANT_CONVERSION = YES;
				CLANG_WARN_DEPRECATED_OBJC_IMPLEMENTATIONS = YES;
				CLANG_WARN_DIRECT_OBJC_ISA_USAGE = YES_ERROR;
				CLANG_WARN_DOCUMENTATION_COMMENTS = YES;
				CLANG_WARN_EMPTY_BODY = YES;
				CLANG_WARN_ENUM_CONVERSION = YES;
				CLANG_WARN_INFINITE_RECURSION = YES;
				CLANG_WARN_INT_CONVERSION = YES;
				CLANG_WARN_NON_LITERAL_NULL_CONVERSION = YES;
				CLANG_WARN_OBJC_IMPLICIT_RETAIN_SELF = YES;
				CLANG_WARN_OBJC_LITERAL_CONVERSION = YES;
				CLANG_WARN_OBJC_ROOT_CLASS = YES_ERROR;
				CLANG_WARN_QUOTED_INCLUDE_IN_FRAMEWORK_HEADER = YES;
				CLANG_WARN_RANGE_LOOP_ANALYSIS = YES;
				CLANG_WARN_STRICT_PROTOTYPES = YES;
				CLANG_WARN_SUSPICIOUS_MOVE = YES;
				CLANG_WARN_UNGUARDED_AVAILABILITY = YES_AGGRESSIVE;
				CLANG_WARN_UNREACHABLE_CODE = YES;
				CLANG_WARN__DUPLICATE_METHOD_MATCH = YES;
				COPY_PHASE_STRIP = NO;
				DEBUG_INFORMATION_FORMAT = "dwarf-with-dsym";
				ENABLE_NS_ASSERTIONS = NO;
				ENABLE_STRICT_OBJC_MSGSEND = YES;
				ENABLE_USER_SCRIPT_SANDBOXING = YES;
				GCC_C_LANGUAGE_STANDARD = gnu17;
				GCC_NO_COMMON_BLOCKS = YES;
				GCC_WARN_64_TO_32_BIT_CONVERSION = YES;
				GCC_WARN_ABOUT_RETURN_TYPE = YES_ERROR;
				GCC_WARN_UNDECLARED_SELECTOR = YES;
				GCC_WARN_UNINITIALIZED_AUTOS = YES_AGGRESSIVE;
				GCC_WARN_UNUSED_FUNCTION = YES;
				GCC_WARN_UNUSED_VARIABLE = YES;
				IPHONEOS_DEPLOYMENT_TARGET = 17.2;
				LOCALIZATION_PREFERS_STRING_CATALOGS = YES;
				MTL_ENABLE_DEBUG_INFO = NO;
				MTL_FAST_MATH = YES;
				SDKROOT = iphoneos;
				SWIFT_COMPILATION_MODE = wholemodule;
				VALIDATE_PRODUCT = YES;
			};
			name = Release;
		};
		FCA5DBF32BC7F3D0008C5738 /* Debug */ = {
			isa = XCBuildConfiguration;
			buildSettings = {
				ASSETCATALOG_COMPILER_APPICON_NAME = AppIcon;
				ASSETCATALOG_COMPILER_GLOBAL_ACCENT_COLOR_NAME = AccentColor;
				CODE_SIGN_STYLE = Automatic;
				CURRENT_PROJECT_VERSION = 1;
				DEVELOPMENT_ASSET_PATHS = "\"filmByName-swiftui/Preview Content\"";
				DEVELOPMENT_TEAM = 5FBTXDSGF4;
				ENABLE_PREVIEWS = YES;
				GENERATE_INFOPLIST_FILE = YES;
				INFOPLIST_KEY_UIApplicationSceneManifest_Generation = YES;
				INFOPLIST_KEY_UIApplicationSupportsIndirectInputEvents = YES;
				INFOPLIST_KEY_UILaunchScreen_Generation = YES;
				INFOPLIST_KEY_UISupportedInterfaceOrientations_iPad = "UIInterfaceOrientationPortrait UIInterfaceOrientationPortraitUpsideDown UIInterfaceOrientationLandscapeLeft UIInterfaceOrientationLandscapeRight";
				INFOPLIST_KEY_UISupportedInterfaceOrientations_iPhone = "UIInterfaceOrientationPortrait UIInterfaceOrientationLandscapeLeft UIInterfaceOrientationLandscapeRight";
				LD_RUNPATH_SEARCH_PATHS = (
					"$(inherited)",
					"@executable_path/Frameworks",
				);
				MARKETING_VERSION = 1.0;
				PRODUCT_BUNDLE_IDENTIFIER = "com.iliyas.kinopoisk-swiftui";
				PRODUCT_NAME = "$(TARGET_NAME)";
				SWIFT_EMIT_LOC_STRINGS = YES;
				SWIFT_VERSION = 5.0;
				TARGETED_DEVICE_FAMILY = "1,2";
			};
			name = Debug;
		};
		FCA5DBF42BC7F3D0008C5738 /* Release */ = {
			isa = XCBuildConfiguration;
			buildSettings = {
				ASSETCATALOG_COMPILER_APPICON_NAME = AppIcon;
				ASSETCATALOG_COMPILER_GLOBAL_ACCENT_COLOR_NAME = AccentColor;
				CODE_SIGN_STYLE = Automatic;
				CURRENT_PROJECT_VERSION = 1;
				DEVELOPMENT_ASSET_PATHS = "\"filmByName-swiftui/Preview Content\"";
				DEVELOPMENT_TEAM = 5FBTXDSGF4;
				ENABLE_PREVIEWS = YES;
				GENERATE_INFOPLIST_FILE = YES;
				INFOPLIST_KEY_UIApplicationSceneManifest_Generation = YES;
				INFOPLIST_KEY_UIApplicationSupportsIndirectInputEvents = YES;
				INFOPLIST_KEY_UILaunchScreen_Generation = YES;
				INFOPLIST_KEY_UISupportedInterfaceOrientations_iPad = "UIInterfaceOrientationPortrait UIInterfaceOrientationPortraitUpsideDown UIInterfaceOrientationLandscapeLeft UIInterfaceOrientationLandscapeRight";
				INFOPLIST_KEY_UISupportedInterfaceOrientations_iPhone = "UIInterfaceOrientationPortrait UIInterfaceOrientationLandscapeLeft UIInterfaceOrientationLandscapeRight";
				LD_RUNPATH_SEARCH_PATHS = (
					"$(inherited)",
					"@executable_path/Frameworks",
				);
				MARKETING_VERSION = 1.0;
				PRODUCT_BUNDLE_IDENTIFIER = "com.iliyas.kinopoisk-swiftui";
				PRODUCT_NAME = "$(TARGET_NAME)";
				SWIFT_EMIT_LOC_STRINGS = YES;
				SWIFT_VERSION = 5.0;
				TARGETED_DEVICE_FAMILY = "1,2";
			};
			name = Release;
		};
/* End XCBuildConfiguration section */

/* Begin XCConfigurationList section */
		FCA5DBDF2BC7F3CE008C5738 /* Build configuration list for PBXProject "filmByName-swiftui" */ = {
			isa = XCConfigurationList;
			buildConfigurations = (
				FCA5DBF02BC7F3D0008C5738 /* Debug */,
				FCA5DBF12BC7F3D0008C5738 /* Release */,
			);
			defaultConfigurationIsVisible = 0;
			defaultConfigurationName = Release;
		};
		FCA5DBF22BC7F3D0008C5738 /* Build configuration list for PBXNativeTarget "filmByName-swiftui" */ = {
			isa = XCConfigurationList;
			buildConfigurations = (
				FCA5DBF32BC7F3D0008C5738 /* Debug */,
				FCA5DBF42BC7F3D0008C5738 /* Release */,
			);
			defaultConfigurationIsVisible = 0;
			defaultConfigurationName = Release;
		};
/* End XCConfigurationList section */
	};
	rootObject = FCA5DBDC2BC7F3CE008C5738 /* Project object */;
}
